<?xml version="1.0" encoding="utf-8"?>
<Project ToolsVersion="4.0" xmlns="http://schemas.microsoft.com/developer/msbuild/2003">
  <ItemGroup>
    <Filter Include="Camera">
      <UniqueIdentifier>{3531830a-ca1f-436b-bfff-085c599be8ea}</UniqueIdentifier>
    </Filter>
    <Filter Include="Input">
      <UniqueIdentifier>{5c9816ad-b8bd-4c4e-ba91-b08c001cb7dc}</UniqueIdentifier>
    </Filter>
    <Filter Include="Light">
      <UniqueIdentifier>{c7b148e8-9bbf-4e8d-b401-3042a3a5b4b2}</UniqueIdentifier>
    </Filter>
    <Filter Include="Log">
      <UniqueIdentifier>{52eb709f-1b35-4133-8b96-2b3267889d24}</UniqueIdentifier>
    </Filter>
    <Filter Include="Object">
      <UniqueIdentifier>{e57db349-ce95-453a-aa88-32aa51dbb01b}</UniqueIdentifier>
    </Filter>
    <Filter Include="Physics">
      <UniqueIdentifier>{3fb09f2e-7f68-4245-96df-4f82f961759a}</UniqueIdentifier>
    </Filter>
    <Filter Include="Utility">
      <UniqueIdentifier>{e449539b-55fd-4bd6-9e8a-570a7a5bbaa8}</UniqueIdentifier>
    </Filter>
    <Filter Include="Core">
      <UniqueIdentifier>{d323d6b6-7b0c-4e3d-afcf-704138c62a80}</UniqueIdentifier>
    </Filter>
    <Filter Include="platform">
      <UniqueIdentifier>{1f8f5d9b-8087-4607-b1ac-e80f56bfe22b}</UniqueIdentifier>
    </Filter>
    <Filter Include="resource">
      <UniqueIdentifier>{ff7a1551-5c24-490b-8f03-8135e4557c6b}</UniqueIdentifier>
    </Filter>
    <Filter Include="message">
      <UniqueIdentifier>{2bad9404-72bf-498d-a98f-2735d0c16eda}</UniqueIdentifier>
    </Filter>
  </ItemGroup>
  <ItemGroup>
    <ClCompile Include="Log\Log.cpp">
      <Filter>Log</Filter>
    </ClCompile>
    <ClCompile Include="Utility\Math.cpp">
      <Filter>Utility</Filter>
    </ClCompile>
    <ClCompile Include="SkyBox.cpp" />
    <ClCompile Include="Object\Object.cpp">
      <Filter>Object</Filter>
    </ClCompile>
    <ClCompile Include="Core\Application.cpp">
      <Filter>Core</Filter>
    </ClCompile>
    <ClCompile Include="Core\Director.cpp">
      <Filter>Core</Filter>
    </ClCompile>
    <ClCompile Include="Core\Window.cpp">
      <Filter>Core</Filter>
    </ClCompile>
    <ClCompile Include="Core\Scheduler.cpp">
      <Filter>Core</Filter>
    </ClCompile>
    <ClCompile Include="Object\Node.cpp">
      <Filter>Object</Filter>
    </ClCompile>
    <ClCompile Include="platform\Direct3DRenderer.cpp">
      <Filter>platform</Filter>
    </ClCompile>
    <ClCompile Include="Camera\Camera.cpp">
      <Filter>Camera</Filter>
    </ClCompile>
    <ClCompile Include="Object\GameObject.cpp">
      <Filter>Object</Filter>
    </ClCompile>
    <ClCompile Include="resource\Model.cpp">
      <Filter>resource</Filter>
    </ClCompile>
    <ClCompile Include="resource\ResourceService.cpp">
      <Filter>resource</Filter>
    </ClCompile>
    <ClCompile Include="Core\ObjectManager.cpp">
      <Filter>Core</Filter>
    </ClCompile>
    <ClCompile Include="Input\InputManager.cpp">
      <Filter>Input</Filter>
    </ClCompile>
    <ClCompile Include="Object\UpdatedObject.cpp">
      <Filter>Object</Filter>
    </ClCompile>
    <ClCompile Include="message\MessageManager.cpp">
      <Filter>message</Filter>
    </ClCompile>
    <ClCompile Include="Object\InteractiveObject.cpp">
      <Filter>Object</Filter>
    </ClCompile>
  </ItemGroup>
  <ItemGroup>
    <ClInclude Include="Input\InputEnum.h">
      <Filter>Input</Filter>
    </ClInclude>
    <ClInclude Include="Log\Log.h">
      <Filter>Log</Filter>
    </ClInclude>
    <ClInclude Include="Utility\ClassHelper.h">
      <Filter>Utility</Filter>
    </ClInclude>
    <ClInclude Include="Utility\Math.h">
      <Filter>Utility</Filter>
    </ClInclude>
    <ClInclude Include="SkyBox.h" />
    <ClInclude Include="Utility\Macros.h">
      <Filter>Utility</Filter>
    </ClInclude>
    <ClInclude Include="Utility\Config.h">
      <Filter>Utility</Filter>
    </ClInclude>
    <ClInclude Include="Object\Object.h">
      <Filter>Object</Filter>
    </ClInclude>
    <ClInclude Include="Core\Application.h">
      <Filter>Core</Filter>
    </ClInclude>
    <ClInclude Include="Core\Director.h">
      <Filter>Core</Filter>
    </ClInclude>
    <ClInclude Include="Core\Window.h">
      <Filter>Core</Filter>
    </ClInclude>
    <ClInclude Include="Core\Scheduler.h">
      <Filter>Core</Filter>
    </ClInclude>
    <ClInclude Include="Object\Node.h">
      <Filter>Object</Filter>
    </ClInclude>
    <ClInclude Include="platform\Direct3DRenderer.h">
      <Filter>platform</Filter>
    </ClInclude>
    <ClInclude Include="platform\Renderer_platform.h">
      <Filter>platform</Filter>
    </ClInclude>
    <ClInclude Include="Core\Renderer.h">
      <Filter>Core</Filter>
    </ClInclude>
    <ClInclude Include="Camera\Camera.h">
      <Filter>Camera</Filter>
    </ClInclude>
    <ClInclude Include="Object\GameObject.h">
      <Filter>Object</Filter>
    </ClInclude>
    <ClInclude Include="resource\Model.h">
      <Filter>resource</Filter>
    </ClInclude>
    <ClInclude Include="resource\ResourceService.h">
      <Filter>resource</Filter>
    </ClInclude>
    <ClInclude Include="Core\ObjectManager.h">
      <Filter>Core</Filter>
    </ClInclude>
    <ClInclude Include="Input\InputManager.h">
      <Filter>Input</Filter>
    </ClInclude>
    <ClInclude Include="Object\UpdatedObject.h">
      <Filter>Object</Filter>
    </ClInclude>
    <ClInclude Include="message\MessageManager.h">
      <Filter>message</Filter>
    </ClInclude>
    <ClInclude Include="Object\InteractiveObject.h">
      <Filter>Object</Filter>
    </ClInclude>
    <ClInclude Include="message\Message.h">
      <Filter>message</Filter>
    </ClInclude>
  </ItemGroup>
</Project>